// !$*UTF8*$!
{
	archiveVersion = 1;
	classes = {
	};
	objectVersion = 56;
	objects = {

/* Begin PBXBuildFile section */
		88B47E96D5235360ED97AFF8 /* Pods_AccessibilityPractice.framework in Frameworks */ = {isa = PBXBuildFile; fileRef = B305D3531308E91572ACF322 /* Pods_AccessibilityPractice.framework */; };
		D00DA7C42CE4C2F000582B94 /* AppDelegate.swift in Sources */ = {isa = PBXBuildFile; fileRef = D00DA7C32CE4C2F000582B94 /* AppDelegate.swift */; };
		D00DA7C62CE4C2F000582B94 /* SceneDelegate.swift in Sources */ = {isa = PBXBuildFile; fileRef = D00DA7C52CE4C2F000582B94 /* SceneDelegate.swift */; };
		D00DA7C82CE4C2F000582B94 /* MainViewController.swift in Sources */ = {isa = PBXBuildFile; fileRef = D00DA7C72CE4C2F000582B94 /* MainViewController.swift */; };
		D00DA7CD2CE4C2F100582B94 /* Assets.xcassets in Resources */ = {isa = PBXBuildFile; fileRef = D00DA7CC2CE4C2F100582B94 /* Assets.xcassets */; };
		D00DA7D02CE4C2F100582B94 /* Base in Resources */ = {isa = PBXBuildFile; fileRef = D00DA7CF2CE4C2F100582B94 /* Base */; };
		D0DA3A472CEB8441006118DB /* SideButtonView.swift in Sources */ = {isa = PBXBuildFile; fileRef = D0DA3A462CEB8441006118DB /* SideButtonView.swift */; };
		D0E950C62CEF50AB006E4C1E /* Part1Page1ViewController.swift in Sources */ = {isa = PBXBuildFile; fileRef = D0E950C52CEF50AB006E4C1E /* Part1Page1ViewController.swift */; };
		D0E950C82CEF50B5006E4C1E /* Part2Page1ViewController.swift in Sources */ = {isa = PBXBuildFile; fileRef = D0E950C72CEF50B5006E4C1E /* Part2Page1ViewController.swift */; };
		D0E950CA2CEF50BE006E4C1E /* Part3Page1ViewController.swift in Sources */ = {isa = PBXBuildFile; fileRef = D0E950C92CEF50BE006E4C1E /* Part3Page1ViewController.swift */; };
		D0E950CC2CEF50C8006E4C1E /* Part4Page1ViewController.swift in Sources */ = {isa = PBXBuildFile; fileRef = D0E950CB2CEF50C8006E4C1E /* Part4Page1ViewController.swift */; };
		D0E950CF2CEF51A0006E4C1E /* Part5Page1ViewController.swift in Sources */ = {isa = PBXBuildFile; fileRef = D0E950CE2CEF51A0006E4C1E /* Part5Page1ViewController.swift */; };
		D0F78AFC2CEE1980009534F5 /* PresentationViewController.swift in Sources */ = {isa = PBXBuildFile; fileRef = D0F78AFB2CEE1980009534F5 /* PresentationViewController.swift */; };
/* End PBXBuildFile section */

/* Begin PBXFileReference section */
		736D05ECADBCFC2308E38A66 /* Pods-AccessibilityPractice.release.xcconfig */ = {isa = PBXFileReference; includeInIndex = 1; lastKnownFileType = text.xcconfig; name = "Pods-AccessibilityPractice.release.xcconfig"; path = "Target Support Files/Pods-AccessibilityPractice/Pods-AccessibilityPractice.release.xcconfig"; sourceTree = "<group>"; };
		B305D3531308E91572ACF322 /* Pods_AccessibilityPractice.framework */ = {isa = PBXFileReference; explicitFileType = wrapper.framework; includeInIndex = 0; path = Pods_AccessibilityPractice.framework; sourceTree = BUILT_PRODUCTS_DIR; };
		C8D0B52F4210E9032F657AE9 /* Pods-AccessibilityPractice.debug.xcconfig */ = {isa = PBXFileReference; includeInIndex = 1; lastKnownFileType = text.xcconfig; name = "Pods-AccessibilityPractice.debug.xcconfig"; path = "Target Support Files/Pods-AccessibilityPractice/Pods-AccessibilityPractice.debug.xcconfig"; sourceTree = "<group>"; };
		D00DA7C02CE4C2F000582B94 /* AccessibilityPractice.app */ = {isa = PBXFileReference; explicitFileType = wrapper.application; includeInIndex = 0; path = AccessibilityPractice.app; sourceTree = BUILT_PRODUCTS_DIR; };
		D00DA7C32CE4C2F000582B94 /* AppDelegate.swift */ = {isa = PBXFileReference; lastKnownFileType = sourcecode.swift; path = AppDelegate.swift; sourceTree = "<group>"; };
		D00DA7C52CE4C2F000582B94 /* SceneDelegate.swift */ = {isa = PBXFileReference; lastKnownFileType = sourcecode.swift; path = SceneDelegate.swift; sourceTree = "<group>"; };
		D00DA7C72CE4C2F000582B94 /* MainViewController.swift */ = {isa = PBXFileReference; lastKnownFileType = sourcecode.swift; path = MainViewController.swift; sourceTree = "<group>"; };
		D00DA7CC2CE4C2F100582B94 /* Assets.xcassets */ = {isa = PBXFileReference; lastKnownFileType = folder.assetcatalog; path = Assets.xcassets; sourceTree = "<group>"; };
		D00DA7CF2CE4C2F100582B94 /* Base */ = {isa = PBXFileReference; lastKnownFileType = file.storyboard; name = Base; path = Base.lproj/LaunchScreen.storyboard; sourceTree = "<group>"; };
		D00DA7D12CE4C2F100582B94 /* Info.plist */ = {isa = PBXFileReference; lastKnownFileType = text.plist.xml; path = Info.plist; sourceTree = "<group>"; };
		D0DA3A462CEB8441006118DB /* SideButtonView.swift */ = {isa = PBXFileReference; lastKnownFileType = sourcecode.swift; path = SideButtonView.swift; sourceTree = "<group>"; };
		D0E950C52CEF50AB006E4C1E /* Part1Page1ViewController.swift */ = {isa = PBXFileReference; lastKnownFileType = sourcecode.swift; path = Part1Page1ViewController.swift; sourceTree = "<group>"; };
		D0E950C72CEF50B5006E4C1E /* Part2Page1ViewController.swift */ = {isa = PBXFileReference; lastKnownFileType = sourcecode.swift; path = Part2Page1ViewController.swift; sourceTree = "<group>"; };
		D0E950C92CEF50BE006E4C1E /* Part3Page1ViewController.swift */ = {isa = PBXFileReference; lastKnownFileType = sourcecode.swift; path = Part3Page1ViewController.swift; sourceTree = "<group>"; };
		D0E950CB2CEF50C8006E4C1E /* Part4Page1ViewController.swift */ = {isa = PBXFileReference; lastKnownFileType = sourcecode.swift; path = Part4Page1ViewController.swift; sourceTree = "<group>"; };
		D0E950CE2CEF51A0006E4C1E /* Part5Page1ViewController.swift */ = {isa = PBXFileReference; lastKnownFileType = sourcecode.swift; path = Part5Page1ViewController.swift; sourceTree = "<group>"; };
		D0F78AFB2CEE1980009534F5 /* PresentationViewController.swift */ = {isa = PBXFileReference; lastKnownFileType = sourcecode.swift; path = PresentationViewController.swift; sourceTree = "<group>"; };
/* End PBXFileReference section */

/* Begin PBXFrameworksBuildPhase section */
		D00DA7BD2CE4C2F000582B94 /* Frameworks */ = {
			isa = PBXFrameworksBuildPhase;
			buildActionMask = 2147483647;
			files = (
				88B47E96D5235360ED97AFF8 /* Pods_AccessibilityPractice.framework in Frameworks */,
			);
			runOnlyForDeploymentPostprocessing = 0;
		};
/* End PBXFrameworksBuildPhase section */

/* Begin PBXGroup section */
		49B12AEBCDD6660257401262 /* Pods */ = {
			isa = PBXGroup;
			children = (
				C8D0B52F4210E9032F657AE9 /* Pods-AccessibilityPractice.debug.xcconfig */,
				736D05ECADBCFC2308E38A66 /* Pods-AccessibilityPractice.release.xcconfig */,
			);
			path = Pods;
			sourceTree = "<group>";
		};
		730A0039DF6C415C3D6660A2 /* Frameworks */ = {
			isa = PBXGroup;
			children = (
				B305D3531308E91572ACF322 /* Pods_AccessibilityPractice.framework */,
			);
			name = Frameworks;
			sourceTree = "<group>";
		};
		D00DA7B72CE4C2F000582B94 = {
			isa = PBXGroup;
			children = (
				D00DA7C22CE4C2F000582B94 /* AccessibilityPractice */,
				D00DA7C12CE4C2F000582B94 /* Products */,
				49B12AEBCDD6660257401262 /* Pods */,
				730A0039DF6C415C3D6660A2 /* Frameworks */,
			);
			sourceTree = "<group>";
		};
		D00DA7C12CE4C2F000582B94 /* Products */ = {
			isa = PBXGroup;
			children = (
				D00DA7C02CE4C2F000582B94 /* AccessibilityPractice.app */,
			);
			name = Products;
			sourceTree = "<group>";
		};
		D00DA7C22CE4C2F000582B94 /* AccessibilityPractice */ = {
			isa = PBXGroup;
			children = (
				D00DA7C32CE4C2F000582B94 /* AppDelegate.swift */,
				D00DA7C52CE4C2F000582B94 /* SceneDelegate.swift */,
				D00DA7C72CE4C2F000582B94 /* MainViewController.swift */,
				D0DA3A462CEB8441006118DB /* SideButtonView.swift */,
				D0F78AF82CEE1949009534F5 /* Presentation */,
				D00DA7CC2CE4C2F100582B94 /* Assets.xcassets */,
				D00DA7CE2CE4C2F100582B94 /* LaunchScreen.storyboard */,
				D00DA7D12CE4C2F100582B94 /* Info.plist */,
			);
			path = AccessibilityPractice;
			sourceTree = "<group>";
		};
		D0E950B72CEF4CBD006E4C1E /* Part1 */ = {
			isa = PBXGroup;
			children = (
				D0E950C52CEF50AB006E4C1E /* Part1Page1ViewController.swift */,
			);
			path = Part1;
			sourceTree = "<group>";
		};
		D0E950B82CEF4CCB006E4C1E /* Part2 */ = {
			isa = PBXGroup;
			children = (
				D0E950C72CEF50B5006E4C1E /* Part2Page1ViewController.swift */,
			);
			path = Part2;
			sourceTree = "<group>";
		};
		D0E950B92CEF4CD0006E4C1E /* Part3 */ = {
			isa = PBXGroup;
			children = (
				D0E950C92CEF50BE006E4C1E /* Part3Page1ViewController.swift */,
			);
			path = Part3;
			sourceTree = "<group>";
		};
		D0E950BA2CEF4CDB006E4C1E /* Part4 */ = {
			isa = PBXGroup;
			children = (
				D0E950CB2CEF50C8006E4C1E /* Part4Page1ViewController.swift */,
			);
			path = Part4;
			sourceTree = "<group>";
		};
		D0E950CD2CEF515A006E4C1E /* Part5 */ = {
			isa = PBXGroup;
			children = (
				D0E950CE2CEF51A0006E4C1E /* Part5Page1ViewController.swift */,
			);
			path = Part5;
			sourceTree = "<group>";
		};
		D0F78AF82CEE1949009534F5 /* Presentation */ = {
			isa = PBXGroup;
			children = (
				D0F78AFB2CEE1980009534F5 /* PresentationViewController.swift */,
				D0E950B72CEF4CBD006E4C1E /* Part1 */,
				D0E950B82CEF4CCB006E4C1E /* Part2 */,
				D0E950B92CEF4CD0006E4C1E /* Part3 */,
				D0E950BA2CEF4CDB006E4C1E /* Part4 */,
				D0E950CD2CEF515A006E4C1E /* Part5 */,
			);
			path = Presentation;
			sourceTree = "<group>";
		};
/* End PBXGroup section */

/* Begin PBXNativeTarget section */
		D00DA7BF2CE4C2F000582B94 /* AccessibilityPractice */ = {
			isa = PBXNativeTarget;
			buildConfigurationList = D00DA7D42CE4C2F100582B94 /* Build configuration list for PBXNativeTarget "AccessibilityPractice" */;
			buildPhases = (
				4E757DE0BBE7C10E3155FC34 /* [CP] Check Pods Manifest.lock */,
				D00DA7BC2CE4C2F000582B94 /* Sources */,
				D00DA7BD2CE4C2F000582B94 /* Frameworks */,
				D00DA7BE2CE4C2F000582B94 /* Resources */,
				D23D9EF96CAAF5AF92634828 /* [CP] Embed Pods Frameworks */,
			);
			buildRules = (
			);
			dependencies = (
			);
			name = AccessibilityPractice;
			productName = AccessibilityPractice;
			productReference = D00DA7C02CE4C2F000582B94 /* AccessibilityPractice.app */;
			productType = "com.apple.product-type.application";
		};
/* End PBXNativeTarget section */

/* Begin PBXProject section */
		D00DA7B82CE4C2F000582B94 /* Project object */ = {
			isa = PBXProject;
			attributes = {
				BuildIndependentTargetsInParallel = 1;
				LastSwiftUpdateCheck = 1540;
				LastUpgradeCheck = 1540;
				TargetAttributes = {
					D00DA7BF2CE4C2F000582B94 = {
						CreatedOnToolsVersion = 15.4;
					};
				};
			};
			buildConfigurationList = D00DA7BB2CE4C2F000582B94 /* Build configuration list for PBXProject "AccessibilityPractice" */;
			compatibilityVersion = "Xcode 14.0";
			developmentRegion = en;
			hasScannedForEncodings = 0;
			knownRegions = (
				en,
				Base,
			);
			mainGroup = D00DA7B72CE4C2F000582B94;
			productRefGroup = D00DA7C12CE4C2F000582B94 /* Products */;
			projectDirPath = "";
			projectRoot = "";
			targets = (
				D00DA7BF2CE4C2F000582B94 /* AccessibilityPractice */,
			);
		};
/* End PBXProject section */

/* Begin PBXResourcesBuildPhase section */
		D00DA7BE2CE4C2F000582B94 /* Resources */ = {
			isa = PBXResourcesBuildPhase;
			buildActionMask = 2147483647;
			files = (
				D00DA7CD2CE4C2F100582B94 /* Assets.xcassets in Resources */,
				D00DA7D02CE4C2F100582B94 /* Base in Resources */,
			);
			runOnlyForDeploymentPostprocessing = 0;
		};
/* End PBXResourcesBuildPhase section */

/* Begin PBXShellScriptBuildPhase section */
		4E757DE0BBE7C10E3155FC34 /* [CP] Check Pods Manifest.lock */ = {
			isa = PBXShellScriptBuildPhase;
			buildActionMask = 2147483647;
			files = (
			);
			inputFileListPaths = (
			);
			inputPaths = (
				"${PODS_PODFILE_DIR_PATH}/Podfile.lock",
				"${PODS_ROOT}/Manifest.lock",
			);
			name = "[CP] Check Pods Manifest.lock";
			outputFileListPaths = (
			);
			outputPaths = (
				"$(DERIVED_FILE_DIR)/Pods-AccessibilityPractice-checkManifestLockResult.txt",
			);
			runOnlyForDeploymentPostprocessing = 0;
			shellPath = /bin/sh;
			shellScript = "diff \"${PODS_PODFILE_DIR_PATH}/Podfile.lock\" \"${PODS_ROOT}/Manifest.lock\" > /dev/null\nif [ $? != 0 ] ; then\n    # print error to STDERR\n    echo \"error: The sandbox is not in sync with the Podfile.lock. Run 'pod install' or update your CocoaPods installation.\" >&2\n    exit 1\nfi\n# This output is used by Xcode 'outputs' to avoid re-running this script phase.\necho \"SUCCESS\" > \"${SCRIPT_OUTPUT_FILE_0}\"\n";
			showEnvVarsInLog = 0;
		};
		D23D9EF96CAAF5AF92634828 /* [CP] Embed Pods Frameworks */ = {
			isa = PBXShellScriptBuildPhase;
			buildActionMask = 2147483647;
			files = (
			);
			inputFileListPaths = (
				"${PODS_ROOT}/Target Support Files/Pods-AccessibilityPractice/Pods-AccessibilityPractice-frameworks-${CONFIGURATION}-input-files.xcfilelist",
			);
			name = "[CP] Embed Pods Frameworks";
			outputFileListPaths = (
				"${PODS_ROOT}/Target Support Files/Pods-AccessibilityPractice/Pods-AccessibilityPractice-frameworks-${CONFIGURATION}-output-files.xcfilelist",
			);
			runOnlyForDeploymentPostprocessing = 0;
			shellPath = /bin/sh;
			shellScript = "\"${PODS_ROOT}/Target Support Files/Pods-AccessibilityPractice/Pods-AccessibilityPractice-frameworks.sh\"\n";
			showEnvVarsInLog = 0;
		};
/* End PBXShellScriptBuildPhase section */

/* Begin PBXSourcesBuildPhase section */
		D00DA7BC2CE4C2F000582B94 /* Sources */ = {
			isa = PBXSourcesBuildPhase;
			buildActionMask = 2147483647;
			files = (
				D0E950CF2CEF51A0006E4C1E /* Part5Page1ViewController.swift in Sources */,
				D0E950CC2CEF50C8006E4C1E /* Part4Page1ViewController.swift in Sources */,
				D0E950CA2CEF50BE006E4C1E /* Part3Page1ViewController.swift in Sources */,
				D0E950C82CEF50B5006E4C1E /* Part2Page1ViewController.swift in Sources */,
				D0E950C62CEF50AB006E4C1E /* Part1Page1ViewController.swift in Sources */,
				D00DA7C82CE4C2F000582B94 /* MainViewController.swift in Sources */,
				D00DA7C42CE4C2F000582B94 /* AppDelegate.swift in Sources */,
				D00DA7C62CE4C2F000582B94 /* SceneDelegate.swift in Sources */,
				D0F78AFC2CEE1980009534F5 /* PresentationViewController.swift in Sources */,
				D0DA3A472CEB8441006118DB /* SideButtonView.swift in Sources */,
			);
			runOnlyForDeploymentPostprocessing = 0;
		};
/* End PBXSourcesBuildPhase section */

/* Begin PBXVariantGroup section */
		D00DA7CE2CE4C2F100582B94 /* LaunchScreen.storyboard */ = {
			isa = PBXVariantGroup;
			children = (
				D00DA7CF2CE4C2F100582B94 /* Base */,
			);
			name = LaunchScreen.storyboard;
			sourceTree = "<group>";
		};
/* End PBXVariantGroup section */

/* Begin XCBuildConfiguration section */
		D00DA7D22CE4C2F100582B94 /* Debug */ = {
			isa = XCBuildConfiguration;
			buildSettings = {
				ALWAYS_SEARCH_USER_PATHS = NO;
				ASSETCATALOG_COMPILER_GENERATE_SWIFT_ASSET_SYMBOL_EXTENSIONS = YES;
				CLANG_ANALYZER_NONNULL = YES;
				CLANG_ANALYZER_NUMBER_OBJECT_CONVERSION = YES_AGGRESSIVE;
				CLANG_CXX_LANGUAGE_STANDARD = "gnu++20";
				CLANG_ENABLE_MODULES = YES;
				CLANG_ENABLE_OBJC_ARC = YES;
				CLANG_ENABLE_OBJC_WEAK = YES;
				CLANG_WARN_BLOCK_CAPTURE_AUTORELEASING = YES;
				CLANG_WARN_BOOL_CONVERSION = YES;
				CLANG_WARN_COMMA = YES;
				CLANG_WARN_CONSTANT_CONVERSION = YES;
				CLANG_WARN_DEPRECATED_OBJC_IMPLEMENTATIONS = YES;
				CLANG_WARN_DIRECT_OBJC_ISA_USAGE = YES_ERROR;
				CLANG_WARN_DOCUMENTATION_COMMENTS = YES;
				CLANG_WARN_EMPTY_BODY = YES;
				CLANG_WARN_ENUM_CONVERSION = YES;
				CLANG_WARN_INFINITE_RECURSION = YES;
				CLANG_WARN_INT_CONVERSION = YES;
				CLANG_WARN_NON_LITERAL_NULL_CONVERSION = YES;
				CLANG_WARN_OBJC_IMPLICIT_RETAIN_SELF = YES;
				CLANG_WARN_OBJC_LITERAL_CONVERSION = YES;
				CLANG_WARN_OBJC_ROOT_CLASS = YES_ERROR;
				CLANG_WARN_QUOTED_INCLUDE_IN_FRAMEWORK_HEADER = YES;
				CLANG_WARN_RANGE_LOOP_ANALYSIS = YES;
				CLANG_WARN_STRICT_PROTOTYPES = YES;
				CLANG_WARN_SUSPICIOUS_MOVE = YES;
				CLANG_WARN_UNGUARDED_AVAILABILITY = YES_AGGRESSIVE;
				CLANG_WARN_UNREACHABLE_CODE = YES;
				CLANG_WARN__DUPLICATE_METHOD_MATCH = YES;
				COPY_PHASE_STRIP = NO;
				DEBUG_INFORMATION_FORMAT = dwarf;
				ENABLE_STRICT_OBJC_MSGSEND = YES;
				ENABLE_TESTABILITY = YES;
				GCC_C_LANGUAGE_STANDARD = gnu17;
				GCC_DYNAMIC_NO_PIC = NO;
				GCC_NO_COMMON_BLOCKS = YES;
				GCC_OPTIMIZATION_LEVEL = 0;
				GCC_PREPROCESSOR_DEFINITIONS = (
					"DEBUG=1",
					"$(inherited)",
				);
				GCC_WARN_64_TO_32_BIT_CONVERSION = YES;
				GCC_WARN_ABOUT_RETURN_TYPE = YES_ERROR;
				GCC_WARN_UNDECLARED_SELECTOR = YES;
				GCC_WARN_UNINITIALIZED_AUTOS = YES_AGGRESSIVE;
				GCC_WARN_UNUSED_FUNCTION = YES;
				GCC_WARN_UNUSED_VARIABLE = YES;
				IPHONEOS_DEPLOYMENT_TARGET = 17.5;
				LOCALIZATION_PREFERS_STRING_CATALOGS = YES;
				MTL_ENABLE_DEBUG_INFO = INCLUDE_SOURCE;
				MTL_FAST_MATH = YES;
				ONLY_ACTIVE_ARCH = YES;
				SDKROOT = iphoneos;
				SWIFT_ACTIVE_COMPILATION_CONDITIONS = "DEBUG $(inherited)";
				SWIFT_OPTIMIZATION_LEVEL = "-Onone";
			};
			name = Debug;
		};
		D00DA7D32CE4C2F100582B94 /* Release */ = {
			isa = XCBuildConfiguration;
			buildSettings = {
				ALWAYS_SEARCH_USER_PATHS = NO;
				ASSETCATALOG_COMPILER_GENERATE_SWIFT_ASSET_SYMBOL_EXTENSIONS = YES;
				CLANG_ANALYZER_NONNULL = YES;
				CLANG_ANALYZER_NUMBER_OBJECT_CONVERSION = YES_AGGRESSIVE;
				CLANG_CXX_LANGUAGE_STANDARD = "gnu++20";
				CLANG_ENABLE_MODULES = YES;
				CLANG_ENABLE_OBJC_ARC = YES;
				CLANG_ENABLE_OBJC_WEAK = YES;
				CLANG_WARN_BLOCK_CAPTURE_AUTORELEASING = YES;
				CLANG_WARN_BOOL_CONVERSION = YES;
				CLANG_WARN_COMMA = YES;
				CLANG_WARN_CONSTANT_CONVERSION = YES;
				CLANG_WARN_DEPRECATED_OBJC_IMPLEMENTATIONS = YES;
				CLANG_WARN_DIRECT_OBJC_ISA_USAGE = YES_ERROR;
				CLANG_WARN_DOCUMENTATION_COMMENTS = YES;
				CLANG_WARN_EMPTY_BODY = YES;
				CLANG_WARN_ENUM_CONVERSION = YES;
				CLANG_WARN_INFINITE_RECURSION = YES;
				CLANG_WARN_INT_CONVERSION = YES;
				CLANG_WARN_NON_LITERAL_NULL_CONVERSION = YES;
				CLANG_WARN_OBJC_IMPLICIT_RETAIN_SELF = YES;
				CLANG_WARN_OBJC_LITERAL_CONVERSION = YES;
				CLANG_WARN_OBJC_ROOT_CLASS = YES_ERROR;
				CLANG_WARN_QUOTED_INCLUDE_IN_FRAMEWORK_HEADER = YES;
				CLANG_WARN_RANGE_LOOP_ANALYSIS = YES;
				CLANG_WARN_STRICT_PROTOTYPES = YES;
				CLANG_WARN_SUSPICIOUS_MOVE = YES;
				CLANG_WARN_UNGUARDED_AVAILABILITY = YES_AGGRESSIVE;
				CLANG_WARN_UNREACHABLE_CODE = YES;
				CLANG_WARN__DUPLICATE_METHOD_MATCH = YES;
				COPY_PHASE_STRIP = NO;
				DEBUG_INFORMATION_FORMAT = "dwarf-with-dsym";
				ENABLE_NS_ASSERTIONS = NO;
				ENABLE_STRICT_OBJC_MSGSEND = YES;
				GCC_C_LANGUAGE_STANDARD = gnu17;
				GCC_NO_COMMON_BLOCKS = YES;
				GCC_WARN_64_TO_32_BIT_CONVERSION = YES;
				GCC_WARN_ABOUT_RETURN_TYPE = YES_ERROR;
				GCC_WARN_UNDECLARED_SELECTOR = YES;
				GCC_WARN_UNINITIALIZED_AUTOS = YES_AGGRESSIVE;
				GCC_WARN_UNUSED_FUNCTION = YES;
				GCC_WARN_UNUSED_VARIABLE = YES;
				IPHONEOS_DEPLOYMENT_TARGET = 17.5;
				LOCALIZATION_PREFERS_STRING_CATALOGS = YES;
				MTL_ENABLE_DEBUG_INFO = NO;
				MTL_FAST_MATH = YES;
				SDKROOT = iphoneos;
				SWIFT_COMPILATION_MODE = wholemodule;
				VALIDATE_PRODUCT = YES;
			};
			name = Release;
		};
		D00DA7D52CE4C2F100582B94 /* Debug */ = {
			isa = XCBuildConfiguration;
			baseConfigurationReference = C8D0B52F4210E9032F657AE9 /* Pods-AccessibilityPractice.debug.xcconfig */;
			buildSettings = {
				ASSETCATALOG_COMPILER_APPICON_NAME = AppIcon;
				ASSETCATALOG_COMPILER_GLOBAL_ACCENT_COLOR_NAME = AccentColor;
				CODE_SIGN_STYLE = Automatic;
				CURRENT_PROJECT_VERSION = 1;
				DEVELOPMENT_TEAM = XYDL49Q5GS;
				GENERATE_INFOPLIST_FILE = YES;
				INFOPLIST_FILE = AccessibilityPractice/Info.plist;
				INFOPLIST_KEY_UIApplicationSupportsIndirectInputEvents = YES;
				INFOPLIST_KEY_UILaunchStoryboardName = LaunchScreen;
				INFOPLIST_KEY_UISupportedInterfaceOrientations = UIInterfaceOrientationLandscapeLeft;
				INFOPLIST_KEY_UISupportedInterfaceOrientations_iPad = "UIInterfaceOrientationLandscapeLeft UIInterfaceOrientationLandscapeRight UIInterfaceOrientationPortrait UIInterfaceOrientationPortraitUpsideDown";
				IPHONEOS_DEPLOYMENT_TARGET = 15.0;
				LD_RUNPATH_SEARCH_PATHS = (
					"$(inherited)",
					"@executable_path/Frameworks",
				);
				MARKETING_VERSION = 1.0;
				PRODUCT_BUNDLE_IDENTIFIER = com.jyj.AccessibilityPractice;
				PRODUCT_NAME = "$(TARGET_NAME)";
				SUPPORTED_PLATFORMS = "iphoneos iphonesimulator";
				SUPPORTS_MACCATALYST = NO;
				SWIFT_EMIT_LOC_STRINGS = YES;
				SWIFT_VERSION = 5.0;
				TARGETED_DEVICE_FAMILY = 1;
			};
			name = Debug;
		};
		D00DA7D62CE4C2F100582B94 /* Release */ = {
			isa = XCBuildConfiguration;
			baseConfigurationReference = 736D05ECADBCFC2308E38A66 /* Pods-AccessibilityPractice.release.xcconfig */;
			buildSettings = {
				ASSETCATALOG_COMPILER_APPICON_NAME = AppIcon;
				ASSETCATALOG_COMPILER_GLOBAL_ACCENT_COLOR_NAME = AccentColor;
				CODE_SIGN_STYLE = Automatic;
				CURRENT_PROJECT_VERSION = 1;
				DEVELOPMENT_TEAM = XYDL49Q5GS;
				GENERATE_INFOPLIST_FILE = YES;
				INFOPLIST_FILE = AccessibilityPractice/Info.plist;
				INFOPLIST_KEY_UIApplicationSupportsIndirectInputEvents = YES;
				INFOPLIST_KEY_UILaunchStoryboardName = LaunchScreen;
				INFOPLIST_KEY_UISupportedInterfaceOrientations = UIInterfaceOrientationLandscapeLeft;
				INFOPLIST_KEY_UISupportedInterfaceOrientations_iPad = "UIInterfaceOrientationLandscapeLeft UIInterfaceOrientationLandscapeRight UIInterfaceOrientationPortrait UIInterfaceOrientationPortraitUpsideDown";
				IPHONEOS_DEPLOYMENT_TARGET = 15.0;
				LD_RUNPATH_SEARCH_PATHS = (
					"$(inherited)",
					"@executable_path/Frameworks",
				);
				MARKETING_VERSION = 1.0;
				PRODUCT_BUNDLE_IDENTIFIER = com.jyj.AccessibilityPractice;
				PRODUCT_NAME = "$(TARGET_NAME)";
				SUPPORTED_PLATFORMS = "iphoneos iphonesimulator";
				SUPPORTS_MACCATALYST = NO;
				SWIFT_EMIT_LOC_STRINGS = YES;
				SWIFT_VERSION = 5.0;
				TARGETED_DEVICE_FAMILY = 1;
			};
			name = Release;
		};
/* End XCBuildConfiguration section */

/* Begin XCConfigurationList section */
		D00DA7BB2CE4C2F000582B94 /* Build configuration list for PBXProject "AccessibilityPractice" */ = {
			isa = XCConfigurationList;
			buildConfigurations = (
				D00DA7D22CE4C2F100582B94 /* Debug */,
				D00DA7D32CE4C2F100582B94 /* Release */,
			);
			defaultConfigurationIsVisible = 0;
			defaultConfigurationName = Release;
		};
		D00DA7D42CE4C2F100582B94 /* Build configuration list for PBXNativeTarget "AccessibilityPractice" */ = {
			isa = XCConfigurationList;
			buildConfigurations = (
				D00DA7D52CE4C2F100582B94 /* Debug */,
				D00DA7D62CE4C2F100582B94 /* Release */,
			);
			defaultConfigurationIsVisible = 0;
			defaultConfigurationName = Release;
		};
/* End XCConfigurationList section */
	};
	rootObject = D00DA7B82CE4C2F000582B94 /* Project object */;
}
